// !$*UTF8*$!
{
	archiveVersion = 1;
	classes = {
	};
	objectVersion = 56;
	objects = {

/* Begin PBXBuildFile section */
		C2F428872B8DF7E000807777 /* AppDelegate.swift in Sources */ = {isa = PBXBuildFile; fileRef = C2F428862B8DF7E000807777 /* AppDelegate.swift */; };
		C2F428892B8DF7E000807777 /* SceneDelegate.swift in Sources */ = {isa = PBXBuildFile; fileRef = C2F428882B8DF7E000807777 /* SceneDelegate.swift */; };
		C2F4288B2B8DF7E000807777 /* AdaptiveCollectionViewController.swift in Sources */ = {isa = PBXBuildFile; fileRef = C2F4288A2B8DF7E000807777 /* AdaptiveCollectionViewController.swift */; };
		C2F428902B8DF7E100807777 /* Assets.xcassets in Resources */ = {isa = PBXBuildFile; fileRef = C2F4288F2B8DF7E100807777 /* Assets.xcassets */; };
		C2F428932B8DF7E100807777 /* LaunchScreen.storyboard in Resources */ = {isa = PBXBuildFile; fileRef = C2F428912B8DF7E100807777 /* LaunchScreen.storyboard */; };
		C2F4289B2B8DFCB700807777 /* UICollectionViewLayout+AdaptiveLayout.swift in Sources */ = {isa = PBXBuildFile; fileRef = C2F4289A2B8DFCB700807777 /* UICollectionViewLayout+AdaptiveLayout.swift */; };
/* End PBXBuildFile section */

/* Begin PBXFileReference section */
		C2F428832B8DF7E000807777 /* Adaptive-UICollectionView-Demo.app */ = {isa = PBXFileReference; explicitFileType = wrapper.application; includeInIndex = 0; path = "Adaptive-UICollectionView-Demo.app"; sourceTree = BUILT_PRODUCTS_DIR; };
		C2F428862B8DF7E000807777 /* AppDelegate.swift */ = {isa = PBXFileReference; lastKnownFileType = sourcecode.swift; path = AppDelegate.swift; sourceTree = "<group>"; };
		C2F428882B8DF7E000807777 /* SceneDelegate.swift */ = {isa = PBXFileReference; lastKnownFileType = sourcecode.swift; path = SceneDelegate.swift; sourceTree = "<group>"; };
		C2F4288A2B8DF7E000807777 /* AdaptiveCollectionViewController.swift */ = {isa = PBXFileReference; lastKnownFileType = sourcecode.swift; path = AdaptiveCollectionViewController.swift; sourceTree = "<group>"; };
		C2F4288F2B8DF7E100807777 /* Assets.xcassets */ = {isa = PBXFileReference; lastKnownFileType = folder.assetcatalog; path = Assets.xcassets; sourceTree = "<group>"; };
		C2F428922B8DF7E100807777 /* Base */ = {isa = PBXFileReference; lastKnownFileType = file.storyboard; name = Base; path = Base.lproj/LaunchScreen.storyboard; sourceTree = "<group>"; };
		C2F428942B8DF7E100807777 /* Info.plist */ = {isa = PBXFileReference; lastKnownFileType = text.plist.xml; path = Info.plist; sourceTree = "<group>"; };
		C2F4289A2B8DFCB700807777 /* UICollectionViewLayout+AdaptiveLayout.swift */ = {isa = PBXFileReference; lastKnownFileType = sourcecode.swift; path = "UICollectionViewLayout+AdaptiveLayout.swift"; sourceTree = "<group>"; };
/* End PBXFileReference section */

/* Begin PBXFrameworksBuildPhase section */
		C2F428802B8DF7E000807777 /* Frameworks */ = {
			isa = PBXFrameworksBuildPhase;
			buildActionMask = 2147483647;
			files = (
			);
			runOnlyForDeploymentPostprocessing = 0;
		};
/* End PBXFrameworksBuildPhase section */

/* Begin PBXGroup section */
		C2F4287A2B8DF7E000807777 = {
			isa = PBXGroup;
			children = (
				C2F428852B8DF7E000807777 /* Adaptive-UICollectionView-Demo */,
				C2F428842B8DF7E000807777 /* Products */,
			);
			sourceTree = "<group>";
		};
		C2F428842B8DF7E000807777 /* Products */ = {
			isa = PBXGroup;
			children = (
				C2F428832B8DF7E000807777 /* Adaptive-UICollectionView-Demo.app */,
			);
			name = Products;
			sourceTree = "<group>";
		};
		C2F428852B8DF7E000807777 /* Adaptive-UICollectionView-Demo */ = {
			isa = PBXGroup;
			children = (
				C2F4289C2B8DFD4B00807777 /* Base */,
				C2F428A02B8DFD7600807777 /* View Controllers */,
				C2F428A32B8DFD8C00807777 /* Resources */,
			);
			path = "Adaptive-UICollectionView-Demo";
			sourceTree = "<group>";
		};
		C2F4289C2B8DFD4B00807777 /* Base */ = {
			isa = PBXGroup;
			children = (
				C2F4289D2B8DFD5300807777 /* AppDelegate */,
				C2F4289E2B8DFD5800807777 /* SceneDelegate */,
			);
			path = Base;
			sourceTree = "<group>";
		};
		C2F4289D2B8DFD5300807777 /* AppDelegate */ = {
			isa = PBXGroup;
			children = (
				C2F428862B8DF7E000807777 /* AppDelegate.swift */,
			);
			path = AppDelegate;
			sourceTree = "<group>";
		};
		C2F4289E2B8DFD5800807777 /* SceneDelegate */ = {
			isa = PBXGroup;
			children = (
				C2F428882B8DF7E000807777 /* SceneDelegate.swift */,
			);
			path = SceneDelegate;
			sourceTree = "<group>";
		};
		C2F4289F2B8DFD7200807777 /* AdaptiveCollectionViewController */ = {
			isa = PBXGroup;
			children = (
				C2F4288A2B8DF7E000807777 /* AdaptiveCollectionViewController.swift */,
			);
			path = AdaptiveCollectionViewController;
			sourceTree = "<group>";
		};
		C2F428A02B8DFD7600807777 /* View Controllers */ = {
			isa = PBXGroup;
			children = (
				C2F4289F2B8DFD7200807777 /* AdaptiveCollectionViewController */,
			);
			path = "View Controllers";
			sourceTree = "<group>";
		};
		C2F428A12B8DFD7F00807777 /* UICollectionViewLayout */ = {
			isa = PBXGroup;
			children = (
				C2F4289A2B8DFCB700807777 /* UICollectionViewLayout+AdaptiveLayout.swift */,
			);
			path = UICollectionViewLayout;
			sourceTree = "<group>";
		};
		C2F428A22B8DFD8600807777 /* Extensions */ = {
			isa = PBXGroup;
			children = (
				C2F428A12B8DFD7F00807777 /* UICollectionViewLayout */,
			);
			path = Extensions;
			sourceTree = "<group>";
		};
		C2F428A32B8DFD8C00807777 /* Resources */ = {
			isa = PBXGroup;
			children = (
				C2F428A42B8DFD9400807777 /* Assets */,
				C2F428A22B8DFD8600807777 /* Extensions */,
				C2F428A52B8DFDA300807777 /* Storyboards */,
				C2F428A62B8DFDAB00807777 /* Supporting Files */,
			);
			path = Resources;
			sourceTree = "<group>";
		};
		C2F428A42B8DFD9400807777 /* Assets */ = {
			isa = PBXGroup;
			children = (
				C2F4288F2B8DF7E100807777 /* Assets.xcassets */,
			);
			path = Assets;
			sourceTree = "<group>";
		};
		C2F428A52B8DFDA300807777 /* Storyboards */ = {
			isa = PBXGroup;
			children = (
				C2F428912B8DF7E100807777 /* LaunchScreen.storyboard */,
			);
			path = Storyboards;
			sourceTree = "<group>";
		};
		C2F428A62B8DFDAB00807777 /* Supporting Files */ = {
			isa = PBXGroup;
			children = (
				C2F428942B8DF7E100807777 /* Info.plist */,
			);
			path = "Supporting Files";
			sourceTree = "<group>";
		};
/* End PBXGroup section */

/* Begin PBXNativeTarget section */
		C2F428822B8DF7E000807777 /* Adaptive-UICollectionView-Demo */ = {
			isa = PBXNativeTarget;
			buildConfigurationList = C2F428972B8DF7E100807777 /* Build configuration list for PBXNativeTarget "Adaptive-UICollectionView-Demo" */;
			buildPhases = (
				C2F4287F2B8DF7E000807777 /* Sources */,
				C2F428802B8DF7E000807777 /* Frameworks */,
				C2F428812B8DF7E000807777 /* Resources */,
			);
			buildRules = (
			);
			dependencies = (
			);
			name = "Adaptive-UICollectionView-Demo";
			productName = "Adaptive-UICollectionView-Demo";
			productReference = C2F428832B8DF7E000807777 /* Adaptive-UICollectionView-Demo.app */;
			productType = "com.apple.product-type.application";
		};
/* End PBXNativeTarget section */

/* Begin PBXProject section */
		C2F4287B2B8DF7E000807777 /* Project object */ = {
			isa = PBXProject;
			attributes = {
				BuildIndependentTargetsInParallel = 1;
				LastSwiftUpdateCheck = 1500;
				LastUpgradeCheck = 1500;
				TargetAttributes = {
					C2F428822B8DF7E000807777 = {
						CreatedOnToolsVersion = 15.0;
					};
				};
			};
			buildConfigurationList = C2F4287E2B8DF7E000807777 /* Build configuration list for PBXProject "Adaptive-UICollectionView-Demo" */;
			compatibilityVersion = "Xcode 14.0";
			developmentRegion = en;
			hasScannedForEncodings = 0;
			knownRegions = (
				en,
				Base,
			);
			mainGroup = C2F4287A2B8DF7E000807777;
			productRefGroup = C2F428842B8DF7E000807777 /* Products */;
			projectDirPath = "";
			projectRoot = "";
			targets = (
				C2F428822B8DF7E000807777 /* Adaptive-UICollectionView-Demo */,
			);
		};
/* End PBXProject section */

/* Begin PBXResourcesBuildPhase section */
		C2F428812B8DF7E000807777 /* Resources */ = {
			isa = PBXResourcesBuildPhase;
			buildActionMask = 2147483647;
			files = (
				C2F428932B8DF7E100807777 /* LaunchScreen.storyboard in Resources */,
				C2F428902B8DF7E100807777 /* Assets.xcassets in Resources */,
			);
			runOnlyForDeploymentPostprocessing = 0;
		};
/* End PBXResourcesBuildPhase section */

/* Begin PBXSourcesBuildPhase section */
		C2F4287F2B8DF7E000807777 /* Sources */ = {
			isa = PBXSourcesBuildPhase;
			buildActionMask = 2147483647;
			files = (
				C2F4289B2B8DFCB700807777 /* UICollectionViewLayout+AdaptiveLayout.swift in Sources */,
				C2F4288B2B8DF7E000807777 /* AdaptiveCollectionViewController.swift in Sources */,
				C2F428872B8DF7E000807777 /* AppDelegate.swift in Sources */,
				C2F428892B8DF7E000807777 /* SceneDelegate.swift in Sources */,
			);
			runOnlyForDeploymentPostprocessing = 0;
		};
/* End PBXSourcesBuildPhase section */

/* Begin PBXVariantGroup section */
		C2F428912B8DF7E100807777 /* LaunchScreen.storyboard */ = {
			isa = PBXVariantGroup;
			children = (
				C2F428922B8DF7E100807777 /* Base */,
			);
			name = LaunchScreen.storyboard;
			sourceTree = "<group>";
		};
/* End PBXVariantGroup section */

/* Begin XCBuildConfiguration section */
		C2F428952B8DF7E100807777 /* Debug */ = {
			isa = XCBuildConfiguration;
			buildSettings = {
				ALWAYS_SEARCH_USER_PATHS = NO;
				ASSETCATALOG_COMPILER_GENERATE_SWIFT_ASSET_SYMBOL_EXTENSIONS = YES;
				CLANG_ANALYZER_NONNULL = YES;
				CLANG_ANALYZER_NUMBER_OBJECT_CONVERSION = YES_AGGRESSIVE;
				CLANG_CXX_LANGUAGE_STANDARD = "gnu++20";
				CLANG_ENABLE_MODULES = YES;
				CLANG_ENABLE_OBJC_ARC = YES;
				CLANG_ENABLE_OBJC_WEAK = YES;
				CLANG_WARN_BLOCK_CAPTURE_AUTORELEASING = YES;
				CLANG_WARN_BOOL_CONVERSION = YES;
				CLANG_WARN_COMMA = YES;
				CLANG_WARN_CONSTANT_CONVERSION = YES;
				CLANG_WARN_DEPRECATED_OBJC_IMPLEMENTATIONS = YES;
				CLANG_WARN_DIRECT_OBJC_ISA_USAGE = YES_ERROR;
				CLANG_WARN_DOCUMENTATION_COMMENTS = YES;
				CLANG_WARN_EMPTY_BODY = YES;
				CLANG_WARN_ENUM_CONVERSION = YES;
				CLANG_WARN_INFINITE_RECURSION = YES;
				CLANG_WARN_INT_CONVERSION = YES;
				CLANG_WARN_NON_LITERAL_NULL_CONVERSION = YES;
				CLANG_WARN_OBJC_IMPLICIT_RETAIN_SELF = YES;
				CLANG_WARN_OBJC_LITERAL_CONVERSION = YES;
				CLANG_WARN_OBJC_ROOT_CLASS = YES_ERROR;
				CLANG_WARN_QUOTED_INCLUDE_IN_FRAMEWORK_HEADER = YES;
				CLANG_WARN_RANGE_LOOP_ANALYSIS = YES;
				CLANG_WARN_STRICT_PROTOTYPES = YES;
				CLANG_WARN_SUSPICIOUS_MOVE = YES;
				CLANG_WARN_UNGUARDED_AVAILABILITY = YES_AGGRESSIVE;
				CLANG_WARN_UNREACHABLE_CODE = YES;
				CLANG_WARN__DUPLICATE_METHOD_MATCH = YES;
				COPY_PHASE_STRIP = NO;
				DEBUG_INFORMATION_FORMAT = dwarf;
				ENABLE_STRICT_OBJC_MSGSEND = YES;
				ENABLE_TESTABILITY = YES;
				ENABLE_USER_SCRIPT_SANDBOXING = YES;
				GCC_C_LANGUAGE_STANDARD = gnu17;
				GCC_DYNAMIC_NO_PIC = NO;
				GCC_NO_COMMON_BLOCKS = YES;
				GCC_OPTIMIZATION_LEVEL = 0;
				GCC_PREPROCESSOR_DEFINITIONS = (
					"DEBUG=1",
					"$(inherited)",
				);
				GCC_WARN_64_TO_32_BIT_CONVERSION = YES;
				GCC_WARN_ABOUT_RETURN_TYPE = YES_ERROR;
				GCC_WARN_UNDECLARED_SELECTOR = YES;
				GCC_WARN_UNINITIALIZED_AUTOS = YES_AGGRESSIVE;
				GCC_WARN_UNUSED_FUNCTION = YES;
				GCC_WARN_UNUSED_VARIABLE = YES;
				IPHONEOS_DEPLOYMENT_TARGET = 17.0;
				LOCALIZATION_PREFERS_STRING_CATALOGS = YES;
				MTL_ENABLE_DEBUG_INFO = INCLUDE_SOURCE;
				MTL_FAST_MATH = YES;
				ONLY_ACTIVE_ARCH = YES;
				SDKROOT = iphoneos;
				SWIFT_ACTIVE_COMPILATION_CONDITIONS = "DEBUG $(inherited)";
				SWIFT_OPTIMIZATION_LEVEL = "-Onone";
			};
			name = Debug;
		};
		C2F428962B8DF7E100807777 /* Release */ = {
			isa = XCBuildConfiguration;
			buildSettings = {
				ALWAYS_SEARCH_USER_PATHS = NO;
				ASSETCATALOG_COMPILER_GENERATE_SWIFT_ASSET_SYMBOL_EXTENSIONS = YES;
				CLANG_ANALYZER_NONNULL = YES;
				CLANG_ANALYZER_NUMBER_OBJECT_CONVERSION = YES_AGGRESSIVE;
				CLANG_CXX_LANGUAGE_STANDARD = "gnu++20";
				CLANG_ENABLE_MODULES = YES;
				CLANG_ENABLE_OBJC_ARC = YES;
				CLANG_ENABLE_OBJC_WEAK = YES;
				CLANG_WARN_BLOCK_CAPTURE_AUTORELEASING = YES;
				CLANG_WARN_BOOL_CONVERSION = YES;
				CLANG_WARN_COMMA = YES;
				CLANG_WARN_CONSTANT_CONVERSION = YES;
				CLANG_WARN_DEPRECATED_OBJC_IMPLEMENTATIONS = YES;
				CLANG_WARN_DIRECT_OBJC_ISA_USAGE = YES_ERROR;
				CLANG_WARN_DOCUMENTATION_COMMENTS = YES;
				CLANG_WARN_EMPTY_BODY = YES;
				CLANG_WARN_ENUM_CONVERSION = YES;
				CLANG_WARN_INFINITE_RECURSION = YES;
				CLANG_WARN_INT_CONVERSION = YES;
				CLANG_WARN_NON_LITERAL_NULL_CONVERSION = YES;
				CLANG_WARN_OBJC_IMPLICIT_RETAIN_SELF = YES;
				CLANG_WARN_OBJC_LITERAL_CONVERSION = YES;
				CLANG_WARN_OBJC_ROOT_CLASS = YES_ERROR;
				CLANG_WARN_QUOTED_INCLUDE_IN_FRAMEWORK_HEADER = YES;
				CLANG_WARN_RANGE_LOOP_ANALYSIS = YES;
				CLANG_WARN_STRICT_PROTOTYPES = YES;
				CLANG_WARN_SUSPICIOUS_MOVE = YES;
				CLANG_WARN_UNGUARDED_AVAILABILITY = YES_AGGRESSIVE;
				CLANG_WARN_UNREACHABLE_CODE = YES;
				CLANG_WARN__DUPLICATE_METHOD_MATCH = YES;
				COPY_PHASE_STRIP = NO;
				DEBUG_INFORMATION_FORMAT = "dwarf-with-dsym";
				ENABLE_NS_ASSERTIONS = NO;
				ENABLE_STRICT_OBJC_MSGSEND = YES;
				ENABLE_USER_SCRIPT_SANDBOXING = YES;
				GCC_C_LANGUAGE_STANDARD = gnu17;
				GCC_NO_COMMON_BLOCKS = YES;
				GCC_WARN_64_TO_32_BIT_CONVERSION = YES;
				GCC_WARN_ABOUT_RETURN_TYPE = YES_ERROR;
				GCC_WARN_UNDECLARED_SELECTOR = YES;
				GCC_WARN_UNINITIALIZED_AUTOS = YES_AGGRESSIVE;
				GCC_WARN_UNUSED_FUNCTION = YES;
				GCC_WARN_UNUSED_VARIABLE = YES;
				IPHONEOS_DEPLOYMENT_TARGET = 17.0;
				LOCALIZATION_PREFERS_STRING_CATALOGS = YES;
				MTL_ENABLE_DEBUG_INFO = NO;
				MTL_FAST_MATH = YES;
				SDKROOT = iphoneos;
				SWIFT_COMPILATION_MODE = wholemodule;
				VALIDATE_PRODUCT = YES;
			};
			name = Release;
		};
		C2F428982B8DF7E100807777 /* Debug */ = {
			isa = XCBuildConfiguration;
			buildSettings = {
				ASSETCATALOG_COMPILER_APPICON_NAME = AppIcon;
				ASSETCATALOG_COMPILER_GLOBAL_ACCENT_COLOR_NAME = AccentColor;
				CODE_SIGN_STYLE = Automatic;
				CURRENT_PROJECT_VERSION = 1;
				DEVELOPMENT_TEAM = DY2GQFY855;
				GENERATE_INFOPLIST_FILE = YES;
				INFOPLIST_FILE = "Adaptive-UICollectionView-Demo/Resources/Supporting Files/Info.plist";
				INFOPLIST_KEY_UIApplicationSupportsIndirectInputEvents = YES;
				INFOPLIST_KEY_UILaunchStoryboardName = LaunchScreen;
				INFOPLIST_KEY_UISupportedInterfaceOrientations_iPad = "UIInterfaceOrientationPortrait UIInterfaceOrientationPortraitUpsideDown UIInterfaceOrientationLandscapeLeft UIInterfaceOrientationLandscapeRight";
				INFOPLIST_KEY_UISupportedInterfaceOrientations_iPhone = "UIInterfaceOrientationPortrait UIInterfaceOrientationLandscapeLeft UIInterfaceOrientationLandscapeRight";
				IPHONEOS_DEPLOYMENT_TARGET = 16.0;
				LD_RUNPATH_SEARCH_PATHS = (
					"$(inherited)",
					"@executable_path/Frameworks",
				);
				MARKETING_VERSION = 1.0;
				PRODUCT_BUNDLE_IDENTIFIER = "com.sebvidal.Adaptive-UICollectionView-Demo";
				PRODUCT_NAME = "$(TARGET_NAME)";
				SWIFT_EMIT_LOC_STRINGS = YES;
				SWIFT_VERSION = 5.0;
				TARGETED_DEVICE_FAMILY = "1,2";
			};
			name = Debug;
		};
		C2F428992B8DF7E100807777 /* Release */ = {
			isa = XCBuildConfiguration;
			buildSettings = {
				ASSETCATALOG_COMPILER_APPICON_NAME = AppIcon;
				ASSETCATALOG_COMPILER_GLOBAL_ACCENT_COLOR_NAME = AccentColor;
				CODE_SIGN_STYLE = Automatic;
				CURRENT_PROJECT_VERSION = 1;
				DEVELOPMENT_TEAM = DY2GQFY855;
				GENERATE_INFOPLIST_FILE = YES;
				INFOPLIST_FILE = "Adaptive-UICollectionView-Demo/Resources/Supporting Files/Info.plist";
				INFOPLIST_KEY_UIApplicationSupportsIndirectInputEvents = YES;
				INFOPLIST_KEY_UILaunchStoryboardName = LaunchScreen;
				INFOPLIST_KEY_UISupportedInterfaceOrientations_iPad = "UIInterfaceOrientationPortrait UIInterfaceOrientationPortraitUpsideDown UIInterfaceOrientationLandscapeLeft UIInterfaceOrientationLandscapeRight";
				INFOPLIST_KEY_UISupportedInterfaceOrientations_iPhone = "UIInterfaceOrientationPortrait UIInterfaceOrientationLandscapeLeft UIInterfaceOrientationLandscapeRight";
				IPHONEOS_DEPLOYMENT_TARGET = 16.0;
				LD_RUNPATH_SEARCH_PATHS = (
					"$(inherited)",
					"@executable_path/Frameworks",
				);
				MARKETING_VERSION = 1.0;
				PRODUCT_BUNDLE_IDENTIFIER = "com.sebvidal.Adaptive-UICollectionView-Demo";
				PRODUCT_NAME = "$(TARGET_NAME)";
				SWIFT_EMIT_LOC_STRINGS = YES;
				SWIFT_VERSION = 5.0;
				TARGETED_DEVICE_FAMILY = "1,2";
			};
			name = Release;
		};
/* End XCBuildConfiguration section */

/* Begin XCConfigurationList section */
		C2F4287E2B8DF7E000807777 /* Build configuration list for PBXProject "Adaptive-UICollectionView-Demo" */ = {
			isa = XCConfigurationList;
			buildConfigurations = (
				C2F428952B8DF7E100807777 /* Debug */,
				C2F428962B8DF7E100807777 /* Release */,
			);
			defaultConfigurationIsVisible = 0;
			defaultConfigurationName = Release;
		};
		C2F428972B8DF7E100807777 /* Build configuration list for PBXNativeTarget "Adaptive-UICollectionView-Demo" */ = {
			isa = XCConfigurationList;
			buildConfigurations = (
				C2F428982B8DF7E100807777 /* Debug */,
				C2F428992B8DF7E100807777 /* Release */,
			);
			defaultConfigurationIsVisible = 0;
			defaultConfigurationName = Release;
		};
/* End XCConfigurationList section */
	};
	rootObject = C2F4287B2B8DF7E000807777 /* Project object */;
}
